
Microsoft Visual Studio Solution File, Format Version 12.00
# Visual Studio 15
VisualStudioVersion = 15.0.28307.2092
MinimumVisualStudioVersion = 10.0.40219.1
Project("{FAE04EC0-301F-11D3-BF4B-00C04F79EFBC}") = "SalaryManager", "SalaryManager\SalaryManager.csproj", "{08E98845-32E7-4B37-9F52-6F8A678CEEAC}"
	ProjectSection(ProjectDependencies) = postProject
		{17248AD2-C1A9-4E82-A2A4-EC7399849958} = {17248AD2-C1A9-4E82-A2A4-EC7399849958}
	EndProjectSection
EndProject
Project("{FAE04EC0-301F-11D3-BF4B-00C04F79EFBC}") = "Model", "Model\Model.csproj", "{17248AD2-C1A9-4E82-A2A4-EC7399849958}"
EndProject
Global
	GlobalSection(SolutionConfigurationPlatforms) = preSolution
		Debug|Any CPU = Debug|Any CPU
		Release|Any CPU = Release|Any CPU
	EndGlobalSection
	GlobalSection(ProjectConfigurationPlatforms) = postSolution
		{08E98845-32E7-4B37-9F52-6F8A678CEEAC}.Debug|Any CPU.ActiveCfg = Debug|Any CPU
		{08E98845-32E7-4B37-9F52-6F8A678CEEAC}.Debug|Any CPU.Build.0 = Debug|Any CPU
		{08E98845-32E7-4B37-9F52-6F8A678CEEAC}.Release|Any CPU.ActiveCfg = Release|Any CPU
		{08E98845-32E7-4B37-9F52-6F8A678CEEAC}.Release|Any CPU.Build.0 = Release|Any CPU
		{17248AD2-C1A9-4E82-A2A4-EC7399849958}.Debug|Any CPU.ActiveCfg = Debug|Any CPU
		{17248AD2-C1A9-4E82-A2A4-EC7399849958}.Debug|Any CPU.Build.0 = Debug|Any CPU
		{17248AD2-C1A9-4E82-A2A4-EC7399849958}.Release|Any CPU.ActiveCfg = Release|Any CPU
		{17248AD2-C1A9-4E82-A2A4-EC7399849958}.Release|Any CPU.Build.0 = Release|Any CPU
	EndGlobalSection
	GlobalSection(SolutionProperties) = preSolution
		HideSolutionNode = FALSE
	EndGlobalSection
	GlobalSection(ExtensibilityGlobals) = postSolution
		SolutionGuid = {C132DA63-9CE2-41AF-BEFD-3F05C35E83F2}
	EndGlobalSection
EndGlobal
